{
  "name": "text",
  "lockfileVersion": 3,
  "requires": true,
  "packages": {
    "": {
      "dependencies": {
        "@netlify/blobs": "^8.0.1"
      }
    },
    "node_modules/@netlify/blobs": {
      "version": "8.0.1",
      "resolved": "https://registry.npmjs.org/@netlify/blobs/-/blobs-8.0.1.tgz",
      "integrity": "sha512-IrZHVqillU0x12eDbsap4Ba6poi+4IdVCYjZa+tA0eD95TaSbSqfw1zNkO27MiKw0pOjPB6+RXFK4pdfOs/qUQ==",
      "license": "MIT",
      "engines": {
        "node": "^14.16.0 || >=16.0.0"
      }
    }
  }
}
